
Microsoft Visual Studio Solution File, Format Version 12.00
# Visual Studio Version 17
VisualStudioVersion = 17.0.31903.59
MinimumVisualStudioVersion = 10.0.40219.1
Project("{FAE04EC0-301F-11D3-BF4B-00C04F79EFBC}") = "TaskTracker.Core", "TaskTracker.Core\TaskTracker.Core.csproj", "{A5BF1FB2-972F-4165-B666-6750F6072752}"
EndProject
Project("{FAE04EC0-301F-11D3-BF4B-00C04F79EFBC}") = "TaskTracker.App", "TaskTracker.App\TaskTracker.App.csproj", "{51091D98-C3FF-493D-9A64-FC59E7B1A303}"
EndProject
Project("{FAE04EC0-301F-11D3-BF4B-00C04F79EFBC}") = "TaskTracker.Tests", "TaskTracker.Tests\TaskTracker.Tests.csproj", "{98033EB0-32C9-4E5A-BC39-4690EC3B75AC}"
EndProject
Project("{FAE04EC0-301F-11D3-BF4B-00C04F79EFBC}") = "TaskTracker.UiRuntime", "TaskTracker.UiRuntime\TaskTracker.UiRuntime.csproj", "{B19E3F8A-2E9C-4423-8876-55B4E6C2DAA5}"
EndProject
Project("{FAE04EC0-301F-11D3-BF4B-00C04F79EFBC}") = "TaskTracker.App.CustomUi", "TaskTracker.App.CustomUi\TaskTracker.App.CustomUi.csproj", "{1A71F1AD-0B57-4E7D-8B57-204435764208}"
EndProject
Project("{FAE04EC0-301F-11D3-BF4B-00C04F79EFBC}") = "TaskTracker.Presentation", "TaskTracker.Presentation\TaskTracker.Presentation.csproj", "{67F626C2-59C1-4B54-A206-333893FD8322}"
EndProject
Project("{FAE04EC0-301F-11D3-BF4B-00C04F79EFBC}") = "TaskTracker.App.Android", "TaskTracker.App.Android\TaskTracker.App.Android.csproj", "{8F0EF80F-0EE5-4BA4-AF0B-71022D286A13}"
EndProject
Global
	GlobalSection(SolutionConfigurationPlatforms) = preSolution
		Debug|Any CPU = Debug|Any CPU
		Debug|x64 = Debug|x64
		Debug|x86 = Debug|x86
		Release|Any CPU = Release|Any CPU
		Release|x64 = Release|x64
		Release|x86 = Release|x86
	EndGlobalSection
	GlobalSection(ProjectConfigurationPlatforms) = postSolution
		{A5BF1FB2-972F-4165-B666-6750F6072752}.Debug|Any CPU.ActiveCfg = Debug|Any CPU
		{A5BF1FB2-972F-4165-B666-6750F6072752}.Debug|Any CPU.Build.0 = Debug|Any CPU
		{A5BF1FB2-972F-4165-B666-6750F6072752}.Debug|x64.ActiveCfg = Debug|Any CPU
		{A5BF1FB2-972F-4165-B666-6750F6072752}.Debug|x64.Build.0 = Debug|Any CPU
		{A5BF1FB2-972F-4165-B666-6750F6072752}.Debug|x86.ActiveCfg = Debug|Any CPU
		{A5BF1FB2-972F-4165-B666-6750F6072752}.Debug|x86.Build.0 = Debug|Any CPU
		{A5BF1FB2-972F-4165-B666-6750F6072752}.Release|Any CPU.ActiveCfg = Release|Any CPU
		{A5BF1FB2-972F-4165-B666-6750F6072752}.Release|Any CPU.Build.0 = Release|Any CPU
		{A5BF1FB2-972F-4165-B666-6750F6072752}.Release|x64.ActiveCfg = Release|Any CPU
		{A5BF1FB2-972F-4165-B666-6750F6072752}.Release|x64.Build.0 = Release|Any CPU
		{A5BF1FB2-972F-4165-B666-6750F6072752}.Release|x86.ActiveCfg = Release|Any CPU
		{A5BF1FB2-972F-4165-B666-6750F6072752}.Release|x86.Build.0 = Release|Any CPU
		{51091D98-C3FF-493D-9A64-FC59E7B1A303}.Debug|Any CPU.ActiveCfg = Debug|Any CPU
		{51091D98-C3FF-493D-9A64-FC59E7B1A303}.Debug|Any CPU.Build.0 = Debug|Any CPU
		{51091D98-C3FF-493D-9A64-FC59E7B1A303}.Debug|x64.ActiveCfg = Debug|Any CPU
		{51091D98-C3FF-493D-9A64-FC59E7B1A303}.Debug|x64.Build.0 = Debug|Any CPU
		{51091D98-C3FF-493D-9A64-FC59E7B1A303}.Debug|x86.ActiveCfg = Debug|Any CPU
		{51091D98-C3FF-493D-9A64-FC59E7B1A303}.Debug|x86.Build.0 = Debug|Any CPU
		{51091D98-C3FF-493D-9A64-FC59E7B1A303}.Release|Any CPU.ActiveCfg = Release|Any CPU
		{51091D98-C3FF-493D-9A64-FC59E7B1A303}.Release|Any CPU.Build.0 = Release|Any CPU
		{51091D98-C3FF-493D-9A64-FC59E7B1A303}.Release|x64.ActiveCfg = Release|Any CPU
		{51091D98-C3FF-493D-9A64-FC59E7B1A303}.Release|x64.Build.0 = Release|Any CPU
		{51091D98-C3FF-493D-9A64-FC59E7B1A303}.Release|x86.ActiveCfg = Release|Any CPU
		{51091D98-C3FF-493D-9A64-FC59E7B1A303}.Release|x86.Build.0 = Release|Any CPU
		{98033EB0-32C9-4E5A-BC39-4690EC3B75AC}.Debug|Any CPU.ActiveCfg = Debug|Any CPU
		{98033EB0-32C9-4E5A-BC39-4690EC3B75AC}.Debug|Any CPU.Build.0 = Debug|Any CPU
		{98033EB0-32C9-4E5A-BC39-4690EC3B75AC}.Debug|x64.ActiveCfg = Debug|Any CPU
		{98033EB0-32C9-4E5A-BC39-4690EC3B75AC}.Debug|x64.Build.0 = Debug|Any CPU
		{98033EB0-32C9-4E5A-BC39-4690EC3B75AC}.Debug|x86.ActiveCfg = Debug|Any CPU
		{98033EB0-32C9-4E5A-BC39-4690EC3B75AC}.Debug|x86.Build.0 = Debug|Any CPU
		{98033EB0-32C9-4E5A-BC39-4690EC3B75AC}.Release|Any CPU.ActiveCfg = Release|Any CPU
		{98033EB0-32C9-4E5A-BC39-4690EC3B75AC}.Release|Any CPU.Build.0 = Release|Any CPU
		{98033EB0-32C9-4E5A-BC39-4690EC3B75AC}.Release|x64.ActiveCfg = Release|Any CPU
		{98033EB0-32C9-4E5A-BC39-4690EC3B75AC}.Release|x64.Build.0 = Release|Any CPU
		{98033EB0-32C9-4E5A-BC39-4690EC3B75AC}.Release|x86.ActiveCfg = Release|Any CPU
		{98033EB0-32C9-4E5A-BC39-4690EC3B75AC}.Release|x86.Build.0 = Release|Any CPU
		{B19E3F8A-2E9C-4423-8876-55B4E6C2DAA5}.Debug|Any CPU.ActiveCfg = Debug|Any CPU
		{B19E3F8A-2E9C-4423-8876-55B4E6C2DAA5}.Debug|Any CPU.Build.0 = Debug|Any CPU
		{B19E3F8A-2E9C-4423-8876-55B4E6C2DAA5}.Debug|x64.ActiveCfg = Debug|Any CPU
		{B19E3F8A-2E9C-4423-8876-55B4E6C2DAA5}.Debug|x64.Build.0 = Debug|Any CPU
		{B19E3F8A-2E9C-4423-8876-55B4E6C2DAA5}.Debug|x86.ActiveCfg = Debug|Any CPU
		{B19E3F8A-2E9C-4423-8876-55B4E6C2DAA5}.Debug|x86.Build.0 = Debug|Any CPU
		{B19E3F8A-2E9C-4423-8876-55B4E6C2DAA5}.Release|Any CPU.ActiveCfg = Release|Any CPU
		{B19E3F8A-2E9C-4423-8876-55B4E6C2DAA5}.Release|Any CPU.Build.0 = Release|Any CPU
		{B19E3F8A-2E9C-4423-8876-55B4E6C2DAA5}.Release|x64.ActiveCfg = Release|Any CPU
		{B19E3F8A-2E9C-4423-8876-55B4E6C2DAA5}.Release|x64.Build.0 = Release|Any CPU
		{B19E3F8A-2E9C-4423-8876-55B4E6C2DAA5}.Release|x86.ActiveCfg = Release|Any CPU
		{B19E3F8A-2E9C-4423-8876-55B4E6C2DAA5}.Release|x86.Build.0 = Release|Any CPU
		{1A71F1AD-0B57-4E7D-8B57-204435764208}.Debug|Any CPU.ActiveCfg = Debug|Any CPU
		{1A71F1AD-0B57-4E7D-8B57-204435764208}.Debug|Any CPU.Build.0 = Debug|Any CPU
		{1A71F1AD-0B57-4E7D-8B57-204435764208}.Debug|x64.ActiveCfg = Debug|Any CPU
		{1A71F1AD-0B57-4E7D-8B57-204435764208}.Debug|x64.Build.0 = Debug|Any CPU
		{1A71F1AD-0B57-4E7D-8B57-204435764208}.Debug|x86.ActiveCfg = Debug|Any CPU
		{1A71F1AD-0B57-4E7D-8B57-204435764208}.Debug|x86.Build.0 = Debug|Any CPU
		{1A71F1AD-0B57-4E7D-8B57-204435764208}.Release|Any CPU.ActiveCfg = Release|Any CPU
		{1A71F1AD-0B57-4E7D-8B57-204435764208}.Release|Any CPU.Build.0 = Release|Any CPU
		{1A71F1AD-0B57-4E7D-8B57-204435764208}.Release|x64.ActiveCfg = Release|Any CPU
		{1A71F1AD-0B57-4E7D-8B57-204435764208}.Release|x64.Build.0 = Release|Any CPU
		{1A71F1AD-0B57-4E7D-8B57-204435764208}.Release|x86.ActiveCfg = Release|Any CPU
		{1A71F1AD-0B57-4E7D-8B57-204435764208}.Release|x86.Build.0 = Release|Any CPU
		{67F626C2-59C1-4B54-A206-333893FD8322}.Debug|Any CPU.ActiveCfg = Debug|Any CPU
		{67F626C2-59C1-4B54-A206-333893FD8322}.Debug|Any CPU.Build.0 = Debug|Any CPU
		{67F626C2-59C1-4B54-A206-333893FD8322}.Debug|x64.ActiveCfg = Debug|Any CPU
		{67F626C2-59C1-4B54-A206-333893FD8322}.Debug|x64.Build.0 = Debug|Any CPU
		{67F626C2-59C1-4B54-A206-333893FD8322}.Debug|x86.ActiveCfg = Debug|Any CPU
		{67F626C2-59C1-4B54-A206-333893FD8322}.Debug|x86.Build.0 = Debug|Any CPU
		{67F626C2-59C1-4B54-A206-333893FD8322}.Release|Any CPU.ActiveCfg = Release|Any CPU
		{67F626C2-59C1-4B54-A206-333893FD8322}.Release|Any CPU.Build.0 = Release|Any CPU
		{67F626C2-59C1-4B54-A206-333893FD8322}.Release|x64.ActiveCfg = Release|Any CPU
		{67F626C2-59C1-4B54-A206-333893FD8322}.Release|x64.Build.0 = Release|Any CPU
		{67F626C2-59C1-4B54-A206-333893FD8322}.Release|x86.ActiveCfg = Release|Any CPU
		{67F626C2-59C1-4B54-A206-333893FD8322}.Release|x86.Build.0 = Release|Any CPU
		{8F0EF80F-0EE5-4BA4-AF0B-71022D286A13}.Debug|Any CPU.ActiveCfg = Debug|Any CPU
		{8F0EF80F-0EE5-4BA4-AF0B-71022D286A13}.Debug|Any CPU.Build.0 = Debug|Any CPU
		{8F0EF80F-0EE5-4BA4-AF0B-71022D286A13}.Debug|x64.ActiveCfg = Debug|Any CPU
		{8F0EF80F-0EE5-4BA4-AF0B-71022D286A13}.Debug|x64.Build.0 = Debug|Any CPU
		{8F0EF80F-0EE5-4BA4-AF0B-71022D286A13}.Debug|x86.ActiveCfg = Debug|Any CPU
		{8F0EF80F-0EE5-4BA4-AF0B-71022D286A13}.Debug|x86.Build.0 = Debug|Any CPU
		{8F0EF80F-0EE5-4BA4-AF0B-71022D286A13}.Release|Any CPU.ActiveCfg = Release|Any CPU
		{8F0EF80F-0EE5-4BA4-AF0B-71022D286A13}.Release|Any CPU.Build.0 = Release|Any CPU
		{8F0EF80F-0EE5-4BA4-AF0B-71022D286A13}.Release|x64.ActiveCfg = Release|Any CPU
		{8F0EF80F-0EE5-4BA4-AF0B-71022D286A13}.Release|x64.Build.0 = Release|Any CPU
		{8F0EF80F-0EE5-4BA4-AF0B-71022D286A13}.Release|x86.ActiveCfg = Release|Any CPU
		{8F0EF80F-0EE5-4BA4-AF0B-71022D286A13}.Release|x86.Build.0 = Release|Any CPU
	EndGlobalSection
	GlobalSection(SolutionProperties) = preSolution
		HideSolutionNode = FALSE
	EndGlobalSection
EndGlobal
